{
  "name": "message-forwarder",
  "version": "1.0.0",
  "lockfileVersion": 3,
  "requires": true,
  "packages": {
    "": {
      "name": "message-forwarder",
      "version": "1.0.0",
      "dependencies": {
        "smee-client": "^2.0.0"
      }
    },
    "node_modules/commander": {
      "version": "12.1.0",
      "resolved": "https://registry.npmjs.org/commander/-/commander-12.1.0.tgz",
      "integrity": "sha512-Vw8qHK3bZM9y/P10u3Vib8o/DdkvA2OtPtZvD871QKjy74Wj1WSKFILMPRPSdUSx5RFK1arlJzEtA4PkFgnbuA==",
      "license": "MIT",
      "engines": {
        "node": ">=18"
      }
    },
    "node_modules/eventsource": {
      "version": "2.0.2",
      "resolved": "https://registry.npmjs.org/eventsource/-/eventsource-2.0.2.tgz",
      "integrity": "sha512-IzUmBGPR3+oUG9dUeXynyNmf91/3zUSJg1lCktzKw47OXuhco54U3r9B7O4XX+Rb1Itm9OZ2b0RkTs10bICOxA==",
      "license": "MIT",
      "engines": {
        "node": ">=12.0.0"
      }
    },
    "node_modules/smee-client": {
      "version": "2.0.4",
      "resolved": "https://registry.npmjs.org/smee-client/-/smee-client-2.0.4.tgz",
      "integrity": "sha512-RxXCs0mfaxpI8JF4SeTM51XtRiprzW5g20HVt4aTQ36EB+RaN0aj0m/4EbXLGdfPlqahQ09d3UnJYmALN2CbYw==",
      "license": "ISC",
      "dependencies": {
        "commander": "^12.0.0",
        "eventsource": "^2.0.2",
        "validator": "^13.11.0"
      },
      "bin": {
        "smee": "bin/smee.js"
      }
    },
    "node_modules/validator": {
      "version": "13.15.35",
      "resolved": "https://registry.npmjs.org/validator/-/validator-13.15.35.tgz",
      "integrity": "sha512-TQ5pAGhd5whStmqWvYF4OjQROlmv9SMFVt37qoCBdqRffuuklWYQlCNnEs2ZaIBD1kZRNnikiZOS1eqgkar0iw==",
      "license": "MIT",
      "engines": {
        "node": ">= 0.10"
      }
    }
  }
}
